{
  "version": 1,
  "dependencies": {
    "net10.0-windows7.0": {
      "Dad.AutoParty.Protocol": {
        "type": "Direct",
        "requested": "[0.2.0-preview.4, 0.2.0-preview.4]",
        "resolved": "0.2.0-preview.4",
        "contentHash": "rADFvaAvJ/5QAZ+ixQwgfQQrSjBRD0jCK30VEXvJ5vKxynLDfIYAqH9T47N8TeCQ+A7jj4s1LGKA21eX7yK2PQ==",
        "dependencies": {
          "BouncyCastle.Cryptography": "[2.6.2]",
          "System.Formats.Cbor": "[10.0.9]"
        }
      },
      "DalamudPackager": {
        "type": "Direct",
        "requested": "[15.0.0, )",
        "resolved": "15.0.0",
        "contentHash": "411vwC8/X8Z/sQ2TI6v3SvOn66xFPeOjFn3Zn+h0d3Ox2t1kFm66AhDvmx/qcMwVrR+Hidxj0dadpQ2dgyXMBQ=="
      },
      "DotNet.ReproducibleBuilds": {
        "type": "Direct",
        "requested": "[1.2.39, )",
        "resolved": "1.2.39",
        "contentHash": "fcFN01tDTIQqDuTwr1jUQK/geofiwjG5DycJQOnC72i1SsLAk1ELe+apBOuZ11UMQG8YKFZG1FgvjZPbqHyatg=="
      },
      "ECommons": {
        "type": "Direct",
        "requested": "[3.2.1.15, 3.2.1.15]",
        "resolved": "3.2.1.15",
        "contentHash": "2BowPSMoVC1v8E/jivCnbqbDLaNMN2uy2lih/hrEIANoh2B7PfydUb7zT/EOl86fEK6Hw88k1Vzvmoe/cHb3EA=="
      },
      "System.Security.Cryptography.ProtectedData": {
        "type": "Direct",
        "requested": "[10.0.10, 10.0.10]",
        "resolved": "10.0.10",
        "contentHash": "BKt0SQgq2lq3ESE68jkeLwv95ypANrPDtkTOIFGcnhg2aRUeUUBDrQlkVDZctrg1WenVcvn5P5XZnuYI7q6rFQ=="
      },
      "BouncyCastle.Cryptography": {
        "type": "Transitive",
        "resolved": "2.6.2",
        "contentHash": "7oWOcvnntmMKNzDLsdxAYqApt+AjpRpP2CShjMfIa3umZ42UQMvH0tl1qAliYPNYO6vTdcGMqnRrCPmsfzTI1w=="
      },
      "System.Formats.Cbor": {
        "type": "Transitive",
        "resolved": "10.0.9",
        "contentHash": "1iRjljxTMvQ1EtArg6kkj+9PV5LthrtlH//GM+MLez5L9jmZFDXGoH9lNiUpOeYY3sB60CgFVRnGctcmHEKqRw=="
      }
    },
    "net10.0-windows7.0/win": {}
  }
}
